
Microsoft Visual Studio Solution File, Format Version 12.00
# Visual Studio Version 17
VisualStudioVersion = 17.0.32014.148
MinimumVisualStudioVersion = 10.0.40219.1
Project("{FAE04EC0-301F-11D3-BF4B-00C04F79EFBC}") = "ProiectFinal", "ProiectFinal.csproj", "{BA6F47F9-0FFB-4572-8573-6E357D611CED}"
EndProject
Project("{FAE04EC0-301F-11D3-BF4B-00C04F79EFBC}") = "Language", "..\Language\Language.csproj", "{FAA59E45-806F-41FC-916F-04FADAB7B1B5}"
EndProject
Global
	GlobalSection(SolutionConfigurationPlatforms) = preSolution
		Debug|Any CPU = Debug|Any CPU
		Release|Any CPU = Release|Any CPU
	EndGlobalSection
	GlobalSection(ProjectConfigurationPlatforms) = postSolution
		{BA6F47F9-0FFB-4572-8573-6E357D611CED}.Debug|Any CPU.ActiveCfg = Debug|Any CPU
		{BA6F47F9-0FFB-4572-8573-6E357D611CED}.Debug|Any CPU.Build.0 = Debug|Any CPU
		{BA6F47F9-0FFB-4572-8573-6E357D611CED}.Release|Any CPU.ActiveCfg = Release|Any CPU
		{BA6F47F9-0FFB-4572-8573-6E357D611CED}.Release|Any CPU.Build.0 = Release|Any CPU
		{FAA59E45-806F-41FC-916F-04FADAB7B1B5}.Debug|Any CPU.ActiveCfg = Debug|Any CPU
		{FAA59E45-806F-41FC-916F-04FADAB7B1B5}.Debug|Any CPU.Build.0 = Debug|Any CPU
		{FAA59E45-806F-41FC-916F-04FADAB7B1B5}.Release|Any CPU.ActiveCfg = Release|Any CPU
		{FAA59E45-806F-41FC-916F-04FADAB7B1B5}.Release|Any CPU.Build.0 = Release|Any CPU
	EndGlobalSection
	GlobalSection(SolutionProperties) = preSolution
		HideSolutionNode = FALSE
	EndGlobalSection
	GlobalSection(ExtensibilityGlobals) = postSolution
		SolutionGuid = {44864358-64D8-4466-95FC-342B9623AFA9}
	EndGlobalSection
EndGlobal
